
Microsoft Visual Studio Solution File, Format Version 12.00
# Visual Studio Version 17
VisualStudioVersion = 17.6.33829.357
MinimumVisualStudioVersion = 10.0.40219.1
Project("{FAE04EC0-301F-11D3-BF4B-00C04F79EFBC}") = "GitTest", "GitTest\GitTest.csproj", "{07935530-CF57-4E5F-AE81-5AA2C2754B37}"
EndProject
Global
	GlobalSection(SolutionConfigurationPlatforms) = preSolution
		Debug|Any CPU = Debug|Any CPU
		Release|Any CPU = Release|Any CPU
	EndGlobalSection
	GlobalSection(ProjectConfigurationPlatforms) = postSolution
		{07935530-CF57-4E5F-AE81-5AA2C2754B37}.Debug|Any CPU.ActiveCfg = Debug|Any CPU
		{07935530-CF57-4E5F-AE81-5AA2C2754B37}.Debug|Any CPU.Build.0 = Debug|Any CPU
		{07935530-CF57-4E5F-AE81-5AA2C2754B37}.Release|Any CPU.ActiveCfg = Release|Any CPU
		{07935530-CF57-4E5F-AE81-5AA2C2754B37}.Release|Any CPU.Build.0 = Release|Any CPU
	EndGlobalSection
	GlobalSection(SolutionProperties) = preSolution
		HideSolutionNode = FALSE
	EndGlobalSection
	GlobalSection(ExtensibilityGlobals) = postSolution
		SolutionGuid = {2363E121-9C7B-4303-9D99-7D2E4EFE5EC9}
	EndGlobalSection
EndGlobal
